github.com/andrew-d/lzma v0.0.0-20120628231508-2a7c55cad4a2 h1:KM8pJPCareVZXEkF0G8P+Ur1je6Pq7L/RxFUl16QECM=
github.com/andrew-d/lzma v0.0.0-20120628231508-2a7c55cad4a2/go.mod h1:V2Zq7V6SavvZE8LTsChyuw4I/zAfmTOngC9A7GL3AXQ=
github.com/blakesmith/ar v0.0.0-20190502131153-809d4375e1fb h1:m935MPodAbYS46DG4pJSv7WO+VECIWUQ7OJYSoTrMh4=
github.com/blakesmith/ar v0.0.0-20190502131153-809d4375e1fb/go.mod h1:PkYb9DJNAwrSvRx5DYA+gUcOIgTGVMNkfSCbZM8cWpI=
github.com/xi2/xz v0.0.0-20171230120015-48954b6210f8 h1:nIPpBwaJSVYIxUFsDv3M8ofmx9yWTog9BfvIu0q41lo=
github.com/xi2/xz v0.0.0-20171230120015-48954b6210f8/go.mod h1:HUYIGzjTL3rfEspMxjDjgmT5uz5wzYJKVo23qUhYTos=
